{
  "version": "5",
  "specifiers": {
    "npm:oracledb@6.0.2": "6.0.2"
  },
  "npm": {
    "oracledb@6.0.2": {
      "integrity": "sha512-d87rreuIyVNkS7n1qw54rPpl6qoTAsh65NAza2ZkuqAzNfSkhdGaeA0cRTYKdvp1TGRO7VQXvmUkpcz1cKpI9Q==",
      "scripts": true
    }
  },
  "remote": {
    "https://deno.land/std@0.204.0/async/delay.ts": "a6142eb44cdd856b645086af2b811b1fcce08ec06bb7d50969e6a872ee9b8659",
    "https://deno.land/std@0.204.0/dotenv/mod.ts": "1da8c6d0e7f7d8a5c2b19400b763bc11739df24acec235dda7ea2cfd3d300057",
    "https://deno.land/std@0.204.0/http/server.ts": "1b2403b3c544c0624ad23e8ca4e05877e65380d9e0d75d04957432d65c3d5f41"
  }
}
